{
  "name": "volt",
  "lockfileVersion": 2,
  "requires": true,
  "packages": {
    "": {
      "dependencies": {
        "bash": "^0.0.1",
        "yarn": "^1.22.11"
      }
    },
    "node_modules/bash": {
      "version": "0.0.1",
      "resolved": "https://registry.npmjs.org/bash/-/bash-0.0.1.tgz",
      "integrity": "sha1-nuDnp1K8Xu8Wi8SHGVVqdFSKrgw=",
      "engines": {
        "node": "*"
      }
    },
    "node_modules/yarn": {
      "version": "1.22.11",
      "resolved": "https://registry.npmjs.org/yarn/-/yarn-1.22.11.tgz",
      "integrity": "sha512-AWje4bzqO9RUn3sdnM5N8n4ZJ0BqCc/kqFJvpOI5/EVkINXui0yuvU7NDCEF//+WaxHuNay2uOHxA4+tq1P3cg==",
      "hasInstallScript": true,
      "bin": {
        "yarn": "bin/yarn.js",
        "yarnpkg": "bin/yarn.js"
      },
      "engines": {
        "node": ">=4.0.0"
      }
    }
  },
  "dependencies": {
    "bash": {
      "version": "0.0.1",
      "resolved": "https://registry.npmjs.org/bash/-/bash-0.0.1.tgz",
      "integrity": "sha1-nuDnp1K8Xu8Wi8SHGVVqdFSKrgw="
    },
    "yarn": {
      "version": "1.22.11",
      "resolved": "https://registry.npmjs.org/yarn/-/yarn-1.22.11.tgz",
      "integrity": "sha512-AWje4bzqO9RUn3sdnM5N8n4ZJ0BqCc/kqFJvpOI5/EVkINXui0yuvU7NDCEF//+WaxHuNay2uOHxA4+tq1P3cg=="
    }
  }
}
